
Microsoft Visual Studio Solution File, Format Version 12.00
# Visual Studio 14
VisualStudioVersion = 14.0.25420.1
MinimumVisualStudioVersion = 10.0.40219.1
Project("{FAE04EC0-301F-11D3-BF4B-00C04F79EFBC}") = "Heliar.Composition.Core", "Heliar.Composition.Core\Heliar.Composition.Core.csproj", "{33184A48-3BE1-4717-BDB1-A1A983DA73E0}"
EndProject
Project("{FAE04EC0-301F-11D3-BF4B-00C04F79EFBC}") = "Heliar.Composition.Web", "Heliar.Composition.Web\Heliar.Composition.Web.csproj", "{39A5AD59-0A65-4032-9B9C-1F0933410B4A}"
EndProject
Project("{FAE04EC0-301F-11D3-BF4B-00C04F79EFBC}") = "Heliar.Composition.Mvc", "Heliar.Composition.Mvc\Heliar.Composition.Mvc.csproj", "{B2F933E9-8B89-4127-A10E-90CCFBDC1321}"
EndProject
Project("{FAE04EC0-301F-11D3-BF4B-00C04F79EFBC}") = "Heliar.Composition.WebApi", "Heliar.Composition.WebApi\Heliar.Composition.WebApi.csproj", "{7531D689-D7EE-4571-BCCA-0655B621A794}"
EndProject
Project("{2150E333-8FDC-42A3-9474-1A3956D46DE8}") = "Library", "Library", "{0B6273D3-240A-4A19-AE98-6281C5A0D5F2}"
EndProject
Project("{FAE04EC0-301F-11D3-BF4B-00C04F79EFBC}") = "Heliar.Composition.Core.Tests", "Heliar.Composition.Core.Tests\Heliar.Composition.Core.Tests.csproj", "{9B21B5B6-5E2E-4CE3-92CA-67135F6A8932}"
EndProject
Project("{2150E333-8FDC-42A3-9474-1A3956D46DE8}") = "Samples", "Samples", "{473E8874-A3DF-4FFD-9A62-F06E4268AFF5}"
EndProject
Project("{2150E333-8FDC-42A3-9474-1A3956D46DE8}") = "Tests", "Tests", "{B0A2C03C-DF2D-4DAA-AF1E-6FEDD2488F6D}"
EndProject
Project("{FAE04EC0-301F-11D3-BF4B-00C04F79EFBC}") = "Samples.Business", "Samples.Business\Samples.Business.csproj", "{4E12DC0F-8BDF-4528-942B-AE6486F3819C}"
EndProject
Project("{FAE04EC0-301F-11D3-BF4B-00C04F79EFBC}") = "Samples.Data", "Samples.Data\Samples.Data.csproj", "{62AF801B-EE99-4127-B080-7C91DC81D9B2}"
EndProject
Project("{FAE04EC0-301F-11D3-BF4B-00C04F79EFBC}") = "Samples.ConsoleApp", "Samples.Console\Samples.ConsoleApp.csproj", "{1B3BF2E1-DA19-4B43-B79A-AA0FE17A7805}"
EndProject
Project("{FAE04EC0-301F-11D3-BF4B-00C04F79EFBC}") = "Samples.Common", "Samples.Common\Samples.Common.csproj", "{591CA3AC-0457-40D8-B956-D3CEEECF83F3}"
EndProject
Project("{FAE04EC0-301F-11D3-BF4B-00C04F79EFBC}") = "Samples.MvcApp", "Samples.MvcApp\Samples.MvcApp.csproj", "{2AABD63E-6947-42FF-A014-5762C354965D}"
EndProject
Global
	GlobalSection(SolutionConfigurationPlatforms) = preSolution
		Debug|Any CPU = Debug|Any CPU
		Release|Any CPU = Release|Any CPU
	EndGlobalSection
	GlobalSection(ProjectConfigurationPlatforms) = postSolution
		{33184A48-3BE1-4717-BDB1-A1A983DA73E0}.Debug|Any CPU.ActiveCfg = Debug|Any CPU
		{33184A48-3BE1-4717-BDB1-A1A983DA73E0}.Debug|Any CPU.Build.0 = Debug|Any CPU
		{33184A48-3BE1-4717-BDB1-A1A983DA73E0}.Release|Any CPU.ActiveCfg = Release|Any CPU
		{33184A48-3BE1-4717-BDB1-A1A983DA73E0}.Release|Any CPU.Build.0 = Release|Any CPU
		{39A5AD59-0A65-4032-9B9C-1F0933410B4A}.Debug|Any CPU.ActiveCfg = Debug|Any CPU
		{39A5AD59-0A65-4032-9B9C-1F0933410B4A}.Debug|Any CPU.Build.0 = Debug|Any CPU
		{39A5AD59-0A65-4032-9B9C-1F0933410B4A}.Release|Any CPU.ActiveCfg = Release|Any CPU
		{39A5AD59-0A65-4032-9B9C-1F0933410B4A}.Release|Any CPU.Build.0 = Release|Any CPU
		{B2F933E9-8B89-4127-A10E-90CCFBDC1321}.Debug|Any CPU.ActiveCfg = Debug|Any CPU
		{B2F933E9-8B89-4127-A10E-90CCFBDC1321}.Debug|Any CPU.Build.0 = Debug|Any CPU
		{B2F933E9-8B89-4127-A10E-90CCFBDC1321}.Release|Any CPU.ActiveCfg = Release|Any CPU
		{B2F933E9-8B89-4127-A10E-90CCFBDC1321}.Release|Any CPU.Build.0 = Release|Any CPU
		{7531D689-D7EE-4571-BCCA-0655B621A794}.Debug|Any CPU.ActiveCfg = Debug|Any CPU
		{7531D689-D7EE-4571-BCCA-0655B621A794}.Debug|Any CPU.Build.0 = Debug|Any CPU
		{7531D689-D7EE-4571-BCCA-0655B621A794}.Release|Any CPU.ActiveCfg = Release|Any CPU
		{7531D689-D7EE-4571-BCCA-0655B621A794}.Release|Any CPU.Build.0 = Release|Any CPU
		{9B21B5B6-5E2E-4CE3-92CA-67135F6A8932}.Debug|Any CPU.ActiveCfg = Debug|Any CPU
		{9B21B5B6-5E2E-4CE3-92CA-67135F6A8932}.Debug|Any CPU.Build.0 = Debug|Any CPU
		{9B21B5B6-5E2E-4CE3-92CA-67135F6A8932}.Release|Any CPU.ActiveCfg = Release|Any CPU
		{9B21B5B6-5E2E-4CE3-92CA-67135F6A8932}.Release|Any CPU.Build.0 = Release|Any CPU
		{4E12DC0F-8BDF-4528-942B-AE6486F3819C}.Debug|Any CPU.ActiveCfg = Debug|Any CPU
		{4E12DC0F-8BDF-4528-942B-AE6486F3819C}.Debug|Any CPU.Build.0 = Debug|Any CPU
		{4E12DC0F-8BDF-4528-942B-AE6486F3819C}.Release|Any CPU.ActiveCfg = Release|Any CPU
		{4E12DC0F-8BDF-4528-942B-AE6486F3819C}.Release|Any CPU.Build.0 = Release|Any CPU
		{62AF801B-EE99-4127-B080-7C91DC81D9B2}.Debug|Any CPU.ActiveCfg = Debug|Any CPU
		{62AF801B-EE99-4127-B080-7C91DC81D9B2}.Debug|Any CPU.Build.0 = Debug|Any CPU
		{62AF801B-EE99-4127-B080-7C91DC81D9B2}.Release|Any CPU.ActiveCfg = Release|Any CPU
		{62AF801B-EE99-4127-B080-7C91DC81D9B2}.Release|Any CPU.Build.0 = Release|Any CPU
		{1B3BF2E1-DA19-4B43-B79A-AA0FE17A7805}.Debug|Any CPU.ActiveCfg = Debug|Any CPU
		{1B3BF2E1-DA19-4B43-B79A-AA0FE17A7805}.Debug|Any CPU.Build.0 = Debug|Any CPU
		{1B3BF2E1-DA19-4B43-B79A-AA0FE17A7805}.Release|Any CPU.ActiveCfg = Release|Any CPU
		{1B3BF2E1-DA19-4B43-B79A-AA0FE17A7805}.Release|Any CPU.Build.0 = Release|Any CPU
		{591CA3AC-0457-40D8-B956-D3CEEECF83F3}.Debug|Any CPU.ActiveCfg = Debug|Any CPU
		{591CA3AC-0457-40D8-B956-D3CEEECF83F3}.Debug|Any CPU.Build.0 = Debug|Any CPU
		{591CA3AC-0457-40D8-B956-D3CEEECF83F3}.Release|Any CPU.ActiveCfg = Release|Any CPU
		{591CA3AC-0457-40D8-B956-D3CEEECF83F3}.Release|Any CPU.Build.0 = Release|Any CPU
		{2AABD63E-6947-42FF-A014-5762C354965D}.Debug|Any CPU.ActiveCfg = Debug|Any CPU
		{2AABD63E-6947-42FF-A014-5762C354965D}.Debug|Any CPU.Build.0 = Debug|Any CPU
		{2AABD63E-6947-42FF-A014-5762C354965D}.Release|Any CPU.ActiveCfg = Release|Any CPU
		{2AABD63E-6947-42FF-A014-5762C354965D}.Release|Any CPU.Build.0 = Release|Any CPU
	EndGlobalSection
	GlobalSection(SolutionProperties) = preSolution
		HideSolutionNode = FALSE
	EndGlobalSection
	GlobalSection(NestedProjects) = preSolution
		{9B21B5B6-5E2E-4CE3-92CA-67135F6A8932} = {B0A2C03C-DF2D-4DAA-AF1E-6FEDD2488F6D}
		{4E12DC0F-8BDF-4528-942B-AE6486F3819C} = {473E8874-A3DF-4FFD-9A62-F06E4268AFF5}
		{62AF801B-EE99-4127-B080-7C91DC81D9B2} = {473E8874-A3DF-4FFD-9A62-F06E4268AFF5}
		{1B3BF2E1-DA19-4B43-B79A-AA0FE17A7805} = {473E8874-A3DF-4FFD-9A62-F06E4268AFF5}
		{591CA3AC-0457-40D8-B956-D3CEEECF83F3} = {473E8874-A3DF-4FFD-9A62-F06E4268AFF5}
		{2AABD63E-6947-42FF-A014-5762C354965D} = {473E8874-A3DF-4FFD-9A62-F06E4268AFF5}
	EndGlobalSection
	GlobalSection(AutomaticVersions) = postSolution
		UpdateAssemblyVersion.Release|Any CPU = True
		UpdateAssemblyFileVersion.Release|Any CPU = True
		UpdateAssemblyInfoVersion.Release|Any CPU = True
		AssemblyVersionSettings.Release|Any CPU = None.IncrementOnDemandWithReset.DateStamp.TimeStamp
		AssemblyFileVersionSettings.Release|Any CPU = None.IncrementOnDemandWithReset.DateStamp.TimeStamp
		AssemblyInfoVersionSettings.Release|Any CPU = None.IncrementOnDemandWithReset.DateStamp.None
	EndGlobalSection
EndGlobal
